{
  "name": "SirBottington2.0",
  "lockfileVersion": 2,
  "requires": true,
  "packages": {
    "": {
      "dependencies": {
        "pokemon-sprites": "github:PokeAPI/sprites"
      }
    },
    "node_modules/pokemon-sprites": {
      "version": "1.0.0",
      "resolved": "git+ssh://git@github.com/PokeAPI/sprites.git#f301664fbbce6ccbe09f9561287e05653379f870",
      "license": "ISC"
    }
  },
  "dependencies": {
    "pokemon-sprites": {
      "version": "git+ssh://git@github.com/PokeAPI/sprites.git#f301664fbbce6ccbe09f9561287e05653379f870",
      "from": "pokemon-sprites@github:PokeAPI/sprites"
    }
  }
}
